// !$*UTF8*$!
{
	archiveVersion = 1;
	classes = {
	};
	objectVersion = 51;
	objects = {

/* Begin PBXBuildFile section */
		0B53ACF0244DD84300FC24C1 /* SearchBarExtension.swift in Sources */ = {isa = PBXBuildFile; fileRef = 0B53ACEF244DD84300FC24C1 /* SearchBarExtension.swift */; };
		0B846E77244DE31C00E794AF /* UIViewControllerExtension.swift in Sources */ = {isa = PBXBuildFile; fileRef = 0B846E76244DE31C00E794AF /* UIViewControllerExtension.swift */; };
		0BA5C75A244B677000EBD486 /* ColorExtension.swift in Sources */ = {isa = PBXBuildFile; fileRef = 0BA5C759244B677000EBD486 /* ColorExtension.swift */; };
		0BA5C75C244B767E00EBD486 /* InformationView.xib in Resources */ = {isa = PBXBuildFile; fileRef = 0BA5C75B244B767E00EBD486 /* InformationView.xib */; };
		0BA5C75E244B768B00EBD486 /* InformationView.swift in Sources */ = {isa = PBXBuildFile; fileRef = 0BA5C75D244B768B00EBD486 /* InformationView.swift */; };
		0BA5C760244D9FA900EBD486 /* MapButtonView.xib in Resources */ = {isa = PBXBuildFile; fileRef = 0BA5C75F244D9FA900EBD486 /* MapButtonView.xib */; };
		0BA5C762244D9FBA00EBD486 /* MapButtonView.swift in Sources */ = {isa = PBXBuildFile; fileRef = 0BA5C761244D9FBA00EBD486 /* MapButtonView.swift */; };
		0BA5C764244DA58E00EBD486 /* MapVC.swift in Sources */ = {isa = PBXBuildFile; fileRef = 0BA5C763244DA58E00EBD486 /* MapVC.swift */; };
		0BA5C766244DA76500EBD486 /* MapBreweryAnnotation.swift in Sources */ = {isa = PBXBuildFile; fileRef = 0BA5C765244DA76500EBD486 /* MapBreweryAnnotation.swift */; };
		0BE2E5D7244E02F700A8CD32 /* CoreDataModel.xcdatamodeld in Sources */ = {isa = PBXBuildFile; fileRef = 0BE2E5D5244E02F700A8CD32 /* CoreDataModel.xcdatamodeld */; };
		0BE2E5D9244E050600A8CD32 /* CoreManager.swift in Sources */ = {isa = PBXBuildFile; fileRef = 0BE2E5D8244E050600A8CD32 /* CoreManager.swift */; };
		0BE2E5DE244EB5A200A8CD32 /* BackgroundTableView.xib in Resources */ = {isa = PBXBuildFile; fileRef = 0BE2E5DD244EB5A200A8CD32 /* BackgroundTableView.xib */; };
		0BE2E5E0244EB70D00A8CD32 /* BackgroundTableView.swift in Sources */ = {isa = PBXBuildFile; fileRef = 0BE2E5DF244EB70D00A8CD32 /* BackgroundTableView.swift */; };
		0BE2E5E2244EBCC500A8CD32 /* UIStackViewExtension.swift in Sources */ = {isa = PBXBuildFile; fileRef = 0BE2E5E1244EBCC500A8CD32 /* UIStackViewExtension.swift */; };
		0BE2E5E5244EBD4E00A8CD32 /* ShowBreweryInfoDelegate.swift in Sources */ = {isa = PBXBuildFile; fileRef = 0BE2E5E4244EBD4E00A8CD32 /* ShowBreweryInfoDelegate.swift */; };
		0BE78F692448B64D00478E28 /* AppDelegate.swift in Sources */ = {isa = PBXBuildFile; fileRef = 0BE78F682448B64D00478E28 /* AppDelegate.swift */; };
		0BE78F6D2448B64D00478E28 /* ListOfBreweriesVC.swift in Sources */ = {isa = PBXBuildFile; fileRef = 0BE78F6C2448B64D00478E28 /* ListOfBreweriesVC.swift */; };
		0BE78F702448B64D00478E28 /* Main.storyboard in Resources */ = {isa = PBXBuildFile; fileRef = 0BE78F6E2448B64D00478E28 /* Main.storyboard */; };
		0BE78F722448B65000478E28 /* Assets.xcassets in Resources */ = {isa = PBXBuildFile; fileRef = 0BE78F712448B65000478E28 /* Assets.xcassets */; };
		0BE78F752448B65000478E28 /* LaunchScreen.storyboard in Resources */ = {isa = PBXBuildFile; fileRef = 0BE78F732448B65000478E28 /* LaunchScreen.storyboard */; };
		0BE78F7E2448B80900478E28 /* BreweriesTableViewCell.swift in Sources */ = {isa = PBXBuildFile; fileRef = 0BE78F7C2448B80900478E28 /* BreweriesTableViewCell.swift */; };
		0BE78F7F2448B80900478E28 /* BreweriesTableViewCell.xib in Resources */ = {isa = PBXBuildFile; fileRef = 0BE78F7D2448B80900478E28 /* BreweriesTableViewCell.xib */; };
		0BE78F812448BA7100478E28 /* API.swift in Sources */ = {isa = PBXBuildFile; fileRef = 0BE78F802448BA7100478E28 /* API.swift */; };
		0BE78F832448C0AA00478E28 /* Brewery.swift in Sources */ = {isa = PBXBuildFile; fileRef = 0BE78F822448C0AA00478E28 /* Brewery.swift */; };
		0BE78F852448CE2000478E28 /* TitleView.swift in Sources */ = {isa = PBXBuildFile; fileRef = 0BE78F842448CE2000478E28 /* TitleView.swift */; };
		0BE78F872448CE2B00478E28 /* TitleView.xib in Resources */ = {isa = PBXBuildFile; fileRef = 0BE78F862448CE2B00478E28 /* TitleView.xib */; };
		EF7D32431558BD24861733E5 /* Pods_Breweries_list.framework in Frameworks */ = {isa = PBXBuildFile; fileRef = 96C5CFA6C2FF68F4F4C0B355 /* Pods_Breweries_list.framework */; };
/* End PBXBuildFile section */

/* Begin PBXFileReference section */
		0B53ACED244DD74000FC24C1 /* SwiftyJSON.framework */ = {isa = PBXFileReference; explicitFileType = wrapper.framework; path = SwiftyJSON.framework; sourceTree = BUILT_PRODUCTS_DIR; };
		0B53ACEF244DD84300FC24C1 /* SearchBarExtension.swift */ = {isa = PBXFileReference; lastKnownFileType = sourcecode.swift; path = SearchBarExtension.swift; sourceTree = "<group>"; };
		0B53ACF1244DDCFC00FC24C1 /* SwiftyJSON.framework */ = {isa = PBXFileReference; explicitFileType = wrapper.framework; path = SwiftyJSON.framework; sourceTree = BUILT_PRODUCTS_DIR; };
		0B846E76244DE31C00E794AF /* UIViewControllerExtension.swift */ = {isa = PBXFileReference; lastKnownFileType = sourcecode.swift; path = UIViewControllerExtension.swift; sourceTree = "<group>"; };
		0BA5C759244B677000EBD486 /* ColorExtension.swift */ = {isa = PBXFileReference; lastKnownFileType = sourcecode.swift; path = ColorExtension.swift; sourceTree = "<group>"; };
		0BA5C75B244B767E00EBD486 /* InformationView.xib */ = {isa = PBXFileReference; lastKnownFileType = file.xib; path = InformationView.xib; sourceTree = "<group>"; };
		0BA5C75D244B768B00EBD486 /* InformationView.swift */ = {isa = PBXFileReference; lastKnownFileType = sourcecode.swift; path = InformationView.swift; sourceTree = "<group>"; };
		0BA5C75F244D9FA900EBD486 /* MapButtonView.xib */ = {isa = PBXFileReference; lastKnownFileType = file.xib; path = MapButtonView.xib; sourceTree = "<group>"; };
		0BA5C761244D9FBA00EBD486 /* MapButtonView.swift */ = {isa = PBXFileReference; lastKnownFileType = sourcecode.swift; path = MapButtonView.swift; sourceTree = "<group>"; };
		0BA5C763244DA58E00EBD486 /* MapVC.swift */ = {isa = PBXFileReference; lastKnownFileType = sourcecode.swift; path = MapVC.swift; sourceTree = "<group>"; };
		0BA5C765244DA76500EBD486 /* MapBreweryAnnotation.swift */ = {isa = PBXFileReference; lastKnownFileType = sourcecode.swift; path = MapBreweryAnnotation.swift; sourceTree = "<group>"; };
		0BE2E5D6244E02F700A8CD32 /* Brewery.xcdatamodel */ = {isa = PBXFileReference; lastKnownFileType = wrapper.xcdatamodel; path = Brewery.xcdatamodel; sourceTree = "<group>"; };
		0BE2E5D8244E050600A8CD32 /* CoreManager.swift */ = {isa = PBXFileReference; lastKnownFileType = sourcecode.swift; path = CoreManager.swift; sourceTree = "<group>"; };
		0BE2E5DD244EB5A200A8CD32 /* BackgroundTableView.xib */ = {isa = PBXFileReference; lastKnownFileType = file.xib; path = BackgroundTableView.xib; sourceTree = "<group>"; };
		0BE2E5DF244EB70D00A8CD32 /* BackgroundTableView.swift */ = {isa = PBXFileReference; lastKnownFileType = sourcecode.swift; path = BackgroundTableView.swift; sourceTree = "<group>"; };
		0BE2E5E1244EBCC500A8CD32 /* UIStackViewExtension.swift */ = {isa = PBXFileReference; lastKnownFileType = sourcecode.swift; path = UIStackViewExtension.swift; sourceTree = "<group>"; };
		0BE2E5E4244EBD4E00A8CD32 /* ShowBreweryInfoDelegate.swift */ = {isa = PBXFileReference; lastKnownFileType = sourcecode.swift; path = ShowBreweryInfoDelegate.swift; sourceTree = "<group>"; };
		0BE78F652448B64D00478E28 /* Breweries list.app */ = {isa = PBXFileReference; explicitFileType = wrapper.application; includeInIndex = 0; path = "Breweries list.app"; sourceTree = BUILT_PRODUCTS_DIR; };
		0BE78F682448B64D00478E28 /* AppDelegate.swift */ = {isa = PBXFileReference; lastKnownFileType = sourcecode.swift; path = AppDelegate.swift; sourceTree = "<group>"; };
		0BE78F6C2448B64D00478E28 /* ListOfBreweriesVC.swift */ = {isa = PBXFileReference; lastKnownFileType = sourcecode.swift; path = ListOfBreweriesVC.swift; sourceTree = "<group>"; };
		0BE78F6F2448B64D00478E28 /* Base */ = {isa = PBXFileReference; lastKnownFileType = file.storyboard; name = Base; path = Base.lproj/Main.storyboard; sourceTree = "<group>"; };
		0BE78F712448B65000478E28 /* Assets.xcassets */ = {isa = PBXFileReference; lastKnownFileType = folder.assetcatalog; path = Assets.xcassets; sourceTree = "<group>"; };
		0BE78F742448B65000478E28 /* Base */ = {isa = PBXFileReference; lastKnownFileType = file.storyboard; name = Base; path = Base.lproj/LaunchScreen.storyboard; sourceTree = "<group>"; };
		0BE78F762448B65000478E28 /* Info.plist */ = {isa = PBXFileReference; lastKnownFileType = text.plist.xml; path = Info.plist; sourceTree = "<group>"; };
		0BE78F7C2448B80900478E28 /* BreweriesTableViewCell.swift */ = {isa = PBXFileReference; lastKnownFileType = sourcecode.swift; path = BreweriesTableViewCell.swift; sourceTree = "<group>"; };
		0BE78F7D2448B80900478E28 /* BreweriesTableViewCell.xib */ = {isa = PBXFileReference; lastKnownFileType = file.xib; path = BreweriesTableViewCell.xib; sourceTree = "<group>"; };
		0BE78F802448BA7100478E28 /* API.swift */ = {isa = PBXFileReference; lastKnownFileType = sourcecode.swift; path = API.swift; sourceTree = "<group>"; };
		0BE78F822448C0AA00478E28 /* Brewery.swift */ = {isa = PBXFileReference; lastKnownFileType = sourcecode.swift; path = Brewery.swift; sourceTree = "<group>"; };
		0BE78F842448CE2000478E28 /* TitleView.swift */ = {isa = PBXFileReference; lastKnownFileType = sourcecode.swift; path = TitleView.swift; sourceTree = "<group>"; };
		0BE78F862448CE2B00478E28 /* TitleView.xib */ = {isa = PBXFileReference; lastKnownFileType = file.xib; path = TitleView.xib; sourceTree = "<group>"; };
		108CCBBFF8F83B9D18C43745 /* Pods-Breweries list.debug.xcconfig */ = {isa = PBXFileReference; includeInIndex = 1; lastKnownFileType = text.xcconfig; name = "Pods-Breweries list.debug.xcconfig"; path = "Target Support Files/Pods-Breweries list/Pods-Breweries list.debug.xcconfig"; sourceTree = "<group>"; };
		5B7D3BA01695B971338910B6 /* Pods-Breweries list.release.xcconfig */ = {isa = PBXFileReference; includeInIndex = 1; lastKnownFileType = text.xcconfig; name = "Pods-Breweries list.release.xcconfig"; path = "Target Support Files/Pods-Breweries list/Pods-Breweries list.release.xcconfig"; sourceTree = "<group>"; };
		96C5CFA6C2FF68F4F4C0B355 /* Pods_Breweries_list.framework */ = {isa = PBXFileReference; explicitFileType = wrapper.framework; includeInIndex = 0; path = Pods_Breweries_list.framework; sourceTree = BUILT_PRODUCTS_DIR; };
/* End PBXFileReference section */

/* Begin PBXFrameworksBuildPhase section */
		0BE78F622448B64D00478E28 /* Frameworks */ = {
			isa = PBXFrameworksBuildPhase;
			buildActionMask = 2147483647;
			files = (
				EF7D32431558BD24861733E5 /* Pods_Breweries_list.framework in Frameworks */,
			);
			runOnlyForDeploymentPostprocessing = 0;
		};
/* End PBXFrameworksBuildPhase section */

/* Begin PBXGroup section */
		0B846E79244DE49000E794AF /* Images */ = {
			isa = PBXGroup;
			children = (
				0BE78F712448B65000478E28 /* Assets.xcassets */,
			);
			path = Images;
			sourceTree = "<group>";
		};
		0B846E7A244DE49400E794AF /* Resources */ = {
			isa = PBXGroup;
			children = (
				0B846E7F244DE4F400E794AF /* Storyboards */,
				0B846E80244DE50E00E794AF /* Nibs */,
				0B846E79244DE49000E794AF /* Images */,
			);
			path = Resources;
			sourceTree = "<group>";
		};
		0B846E7B244DE49700E794AF /* Sources */ = {
			isa = PBXGroup;
			children = (
				0B846E7E244DE4BD00E794AF /* Application */,
				0B846E7D244DE4BA00E794AF /* Controllers */,
				0B846E7C244DE4B800E794AF /* Models */,
				0B846E83244DE58400E794AF /* API */,
				0B846E81244DE51C00E794AF /* Extension */,
				0B846E84244DE5A200E794AF /* CustomUIElements */,
				0B846E82244DE54D00E794AF /* PLists */,
				0BE2E5E3244EBD3000A8CD32 /* Protocols */,
				0BE2E5D4244E026B00A8CD32 /* Core Data */,
			);
			path = Sources;
			sourceTree = "<group>";
		};
		0B846E7C244DE4B800E794AF /* Models */ = {
			isa = PBXGroup;
			children = (
				0BE78F822448C0AA00478E28 /* Brewery.swift */,
				0BA5C765244DA76500EBD486 /* MapBreweryAnnotation.swift */,
			);
			path = Models;
			sourceTree = "<group>";
		};
		0B846E7D244DE4BA00E794AF /* Controllers */ = {
			isa = PBXGroup;
			children = (
				0BE78F6C2448B64D00478E28 /* ListOfBreweriesVC.swift */,
				0BA5C763244DA58E00EBD486 /* MapVC.swift */,
			);
			path = Controllers;
			sourceTree = "<group>";
		};
		0B846E7E244DE4BD00E794AF /* Application */ = {
			isa = PBXGroup;
			children = (
				0BE78F682448B64D00478E28 /* AppDelegate.swift */,
			);
			path = Application;
			sourceTree = "<group>";
		};
		0B846E7F244DE4F400E794AF /* Storyboards */ = {
			isa = PBXGroup;
			children = (
				0BE78F6E2448B64D00478E28 /* Main.storyboard */,
				0BE78F732448B65000478E28 /* LaunchScreen.storyboard */,
			);
			path = Storyboards;
			sourceTree = "<group>";
		};
		0B846E80244DE50E00E794AF /* Nibs */ = {
			isa = PBXGroup;
			children = (
				0BE78F7D2448B80900478E28 /* BreweriesTableViewCell.xib */,
				0BE78F862448CE2B00478E28 /* TitleView.xib */,
				0BA5C75F244D9FA900EBD486 /* MapButtonView.xib */,
				0BA5C75B244B767E00EBD486 /* InformationView.xib */,
				0BE2E5DD244EB5A200A8CD32 /* BackgroundTableView.xib */,
			);
			path = Nibs;
			sourceTree = "<group>";
		};
		0B846E81244DE51C00E794AF /* Extension */ = {
			isa = PBXGroup;
			children = (
				0BA5C759244B677000EBD486 /* ColorExtension.swift */,
				0B53ACEF244DD84300FC24C1 /* SearchBarExtension.swift */,
				0B846E76244DE31C00E794AF /* UIViewControllerExtension.swift */,
				0BE2E5E1244EBCC500A8CD32 /* UIStackViewExtension.swift */,
			);
			path = Extension;
			sourceTree = "<group>";
		};
		0B846E82244DE54D00E794AF /* PLists */ = {
			isa = PBXGroup;
			children = (
				0BE78F762448B65000478E28 /* Info.plist */,
			);
			path = PLists;
			sourceTree = "<group>";
		};
		0B846E83244DE58400E794AF /* API */ = {
			isa = PBXGroup;
			children = (
				0BE78F802448BA7100478E28 /* API.swift */,
			);
			path = API;
			sourceTree = "<group>";
		};
		0B846E84244DE5A200E794AF /* CustomUIElements */ = {
			isa = PBXGroup;
			children = (
				0BE78F7C2448B80900478E28 /* BreweriesTableViewCell.swift */,
				0BE78F842448CE2000478E28 /* TitleView.swift */,
				0BA5C75D244B768B00EBD486 /* InformationView.swift */,
				0BA5C761244D9FBA00EBD486 /* MapButtonView.swift */,
				0BE2E5DF244EB70D00A8CD32 /* BackgroundTableView.swift */,
			);
			path = CustomUIElements;
			sourceTree = "<group>";
		};
		0BE2E5D4244E026B00A8CD32 /* Core Data */ = {
			isa = PBXGroup;
			children = (
				0BE2E5D5244E02F700A8CD32 /* CoreDataModel.xcdatamodeld */,
				0BE2E5D8244E050600A8CD32 /* CoreManager.swift */,
			);
			path = "Core Data";
			sourceTree = "<group>";
		};
		0BE2E5E3244EBD3000A8CD32 /* Protocols */ = {
			isa = PBXGroup;
			children = (
				0BE2E5E4244EBD4E00A8CD32 /* ShowBreweryInfoDelegate.swift */,
			);
			path = Protocols;
			sourceTree = "<group>";
		};
		0BE78F5C2448B64D00478E28 = {
			isa = PBXGroup;
			children = (
				0BE78F672448B64D00478E28 /* Breweries list */,
				0BE78F662448B64D00478E28 /* Products */,
				B5BD571B8596578349613E4A /* Pods */,
				0FD3E3E0FAD2936C4C432197 /* Frameworks */,
			);
			sourceTree = "<group>";
		};
		0BE78F662448B64D00478E28 /* Products */ = {
			isa = PBXGroup;
			children = (
				0BE78F652448B64D00478E28 /* Breweries list.app */,
			);
			name = Products;
			sourceTree = "<group>";
		};
		0BE78F672448B64D00478E28 /* Breweries list */ = {
			isa = PBXGroup;
			children = (
				0B846E7B244DE49700E794AF /* Sources */,
				0B846E7A244DE49400E794AF /* Resources */,
			);
			path = "Breweries list";
			sourceTree = "<group>";
		};
		0FD3E3E0FAD2936C4C432197 /* Frameworks */ = {
			isa = PBXGroup;
			children = (
				0B53ACF1244DDCFC00FC24C1 /* SwiftyJSON.framework */,
				0B53ACED244DD74000FC24C1 /* SwiftyJSON.framework */,
				96C5CFA6C2FF68F4F4C0B355 /* Pods_Breweries_list.framework */,
			);
			name = Frameworks;
			sourceTree = "<group>";
		};
		B5BD571B8596578349613E4A /* Pods */ = {
			isa = PBXGroup;
			children = (
				108CCBBFF8F83B9D18C43745 /* Pods-Breweries list.debug.xcconfig */,
				5B7D3BA01695B971338910B6 /* Pods-Breweries list.release.xcconfig */,
			);
			path = Pods;
			sourceTree = "<group>";
		};
/* End PBXGroup section */

/* Begin PBXNativeTarget section */
		0BE78F642448B64D00478E28 /* Breweries list */ = {
			isa = PBXNativeTarget;
			buildConfigurationList = 0BE78F792448B65000478E28 /* Build configuration list for PBXNativeTarget "Breweries list" */;
			buildPhases = (
				978A4C268E4EC3798550BB6A /* [CP] Check Pods Manifest.lock */,
				0BE78F612448B64D00478E28 /* Sources */,
				0BE78F622448B64D00478E28 /* Frameworks */,
				0BE78F632448B64D00478E28 /* Resources */,
				34E651880633B1CEAF261192 /* [CP] Embed Pods Frameworks */,
			);
			buildRules = (
			);
			dependencies = (
			);
			name = "Breweries list";
			productName = "Breweries list";
			productReference = 0BE78F652448B64D00478E28 /* Breweries list.app */;
			productType = "com.apple.product-type.application";
		};
/* End PBXNativeTarget section */

/* Begin PBXProject section */
		0BE78F5D2448B64D00478E28 /* Project object */ = {
			isa = PBXProject;
			attributes = {
				LastSwiftUpdateCheck = 1140;
				LastUpgradeCheck = 1140;
				ORGANIZATIONNAME = "Sergey Pohrebnuak";
				TargetAttributes = {
					0BE78F642448B64D00478E28 = {
						CreatedOnToolsVersion = 11.4.1;
					};
				};
			};
			buildConfigurationList = 0BE78F602448B64D00478E28 /* Build configuration list for PBXProject "Breweries list" */;
			compatibilityVersion = "Xcode 9.3";
			developmentRegion = en;
			hasScannedForEncodings = 0;
			knownRegions = (
				en,
				Base,
			);
			mainGroup = 0BE78F5C2448B64D00478E28;
			productRefGroup = 0BE78F662448B64D00478E28 /* Products */;
			projectDirPath = "";
			projectRoot = "";
			targets = (
				0BE78F642448B64D00478E28 /* Breweries list */,
			);
		};
/* End PBXProject section */

/* Begin PBXResourcesBuildPhase section */
		0BE78F632448B64D00478E28 /* Resources */ = {
			isa = PBXResourcesBuildPhase;
			buildActionMask = 2147483647;
			files = (
				0BE78F752448B65000478E28 /* LaunchScreen.storyboard in Resources */,
				0BA5C760244D9FA900EBD486 /* MapButtonView.xib in Resources */,
				0BE78F722448B65000478E28 /* Assets.xcassets in Resources */,
				0BE2E5DE244EB5A200A8CD32 /* BackgroundTableView.xib in Resources */,
				0BE78F7F2448B80900478E28 /* BreweriesTableViewCell.xib in Resources */,
				0BA5C75C244B767E00EBD486 /* InformationView.xib in Resources */,
				0BE78F872448CE2B00478E28 /* TitleView.xib in Resources */,
				0BE78F702448B64D00478E28 /* Main.storyboard in Resources */,
			);
			runOnlyForDeploymentPostprocessing = 0;
		};
/* End PBXResourcesBuildPhase section */

/* Begin PBXShellScriptBuildPhase section */
		34E651880633B1CEAF261192 /* [CP] Embed Pods Frameworks */ = {
			isa = PBXShellScriptBuildPhase;
			buildActionMask = 2147483647;
			files = (
			);
			inputFileListPaths = (
				"${PODS_ROOT}/Target Support Files/Pods-Breweries list/Pods-Breweries list-frameworks-${CONFIGURATION}-input-files.xcfilelist",
			);
			name = "[CP] Embed Pods Frameworks";
			outputFileListPaths = (
				"${PODS_ROOT}/Target Support Files/Pods-Breweries list/Pods-Breweries list-frameworks-${CONFIGURATION}-output-files.xcfilelist",
			);
			runOnlyForDeploymentPostprocessing = 0;
			shellPath = /bin/sh;
			shellScript = "\"${PODS_ROOT}/Target Support Files/Pods-Breweries list/Pods-Breweries list-frameworks.sh\"\n";
			showEnvVarsInLog = 0;
		};
		978A4C268E4EC3798550BB6A /* [CP] Check Pods Manifest.lock */ = {
			isa = PBXShellScriptBuildPhase;
			buildActionMask = 2147483647;
			files = (
			);
			inputFileListPaths = (
			);
			inputPaths = (
				"${PODS_PODFILE_DIR_PATH}/Podfile.lock",
				"${PODS_ROOT}/Manifest.lock",
			);
			name = "[CP] Check Pods Manifest.lock";
			outputFileListPaths = (
			);
			outputPaths = (
				"$(DERIVED_FILE_DIR)/Pods-Breweries list-checkManifestLockResult.txt",
			);
			runOnlyForDeploymentPostprocessing = 0;
			shellPath = /bin/sh;
			shellScript = "diff \"${PODS_PODFILE_DIR_PATH}/Podfile.lock\" \"${PODS_ROOT}/Manifest.lock\" > /dev/null\nif [ $? != 0 ] ; then\n    # print error to STDERR\n    echo \"error: The sandbox is not in sync with the Podfile.lock. Run 'pod install' or update your CocoaPods installation.\" >&2\n    exit 1\nfi\n# This output is used by Xcode 'outputs' to avoid re-running this script phase.\necho \"SUCCESS\" > \"${SCRIPT_OUTPUT_FILE_0}\"\n";
			showEnvVarsInLog = 0;
		};
/* End PBXShellScriptBuildPhase section */

/* Begin PBXSourcesBuildPhase section */
		0BE78F612448B64D00478E28 /* Sources */ = {
			isa = PBXSourcesBuildPhase;
			buildActionMask = 2147483647;
			files = (
				0BE78F6D2448B64D00478E28 /* ListOfBreweriesVC.swift in Sources */,
				0BA5C75E244B768B00EBD486 /* InformationView.swift in Sources */,
				0BA5C762244D9FBA00EBD486 /* MapButtonView.swift in Sources */,
				0BE78F7E2448B80900478E28 /* BreweriesTableViewCell.swift in Sources */,
				0BE2E5D7244E02F700A8CD32 /* CoreDataModel.xcdatamodeld in Sources */,
				0BE78F832448C0AA00478E28 /* Brewery.swift in Sources */,
				0BE2E5E2244EBCC500A8CD32 /* UIStackViewExtension.swift in Sources */,
				0BA5C764244DA58E00EBD486 /* MapVC.swift in Sources */,
				0BE2E5E0244EB70D00A8CD32 /* BackgroundTableView.swift in Sources */,
				0BE78F812448BA7100478E28 /* API.swift in Sources */,
				0BE78F692448B64D00478E28 /* AppDelegate.swift in Sources */,
				0BE2E5D9244E050600A8CD32 /* CoreManager.swift in Sources */,
				0BA5C766244DA76500EBD486 /* MapBreweryAnnotation.swift in Sources */,
				0B846E77244DE31C00E794AF /* UIViewControllerExtension.swift in Sources */,
				0BE2E5E5244EBD4E00A8CD32 /* ShowBreweryInfoDelegate.swift in Sources */,
				0BA5C75A244B677000EBD486 /* ColorExtension.swift in Sources */,
				0BE78F852448CE2000478E28 /* TitleView.swift in Sources */,
				0B53ACF0244DD84300FC24C1 /* SearchBarExtension.swift in Sources */,
			);
			runOnlyForDeploymentPostprocessing = 0;
		};
/* End PBXSourcesBuildPhase section */

/* Begin PBXVariantGroup section */
		0BE78F6E2448B64D00478E28 /* Main.storyboard */ = {
			isa = PBXVariantGroup;
			children = (
				0BE78F6F2448B64D00478E28 /* Base */,
			);
			name = Main.storyboard;
			sourceTree = "<group>";
		};
		0BE78F732448B65000478E28 /* LaunchScreen.storyboard */ = {
			isa = PBXVariantGroup;
			children = (
				0BE78F742448B65000478E28 /* Base */,
			);
			name = LaunchScreen.storyboard;
			sourceTree = "<group>";
		};
/* End PBXVariantGroup section */

/* Begin XCBuildConfiguration section */
		0BE78F772448B65000478E28 /* Debug */ = {
			isa = XCBuildConfiguration;
			buildSettings = {
				ALWAYS_SEARCH_USER_PATHS = NO;
				CLANG_ANALYZER_NONNULL = YES;
				CLANG_ANALYZER_NUMBER_OBJECT_CONVERSION = YES_AGGRESSIVE;
				CLANG_CXX_LANGUAGE_STANDARD = "gnu++14";
				CLANG_CXX_LIBRARY = "libc++";
				CLANG_ENABLE_MODULES = YES;
				CLANG_ENABLE_OBJC_ARC = YES;
				CLANG_ENABLE_OBJC_WEAK = YES;
				CLANG_WARN_BLOCK_CAPTURE_AUTORELEASING = YES;
				CLANG_WARN_BOOL_CONVERSION = YES;
				CLANG_WARN_COMMA = YES;
				CLANG_WARN_CONSTANT_CONVERSION = YES;
				CLANG_WARN_DEPRECATED_OBJC_IMPLEMENTATIONS = YES;
				CLANG_WARN_DIRECT_OBJC_ISA_USAGE = YES_ERROR;
				CLANG_WARN_DOCUMENTATION_COMMENTS = YES;
				CLANG_WARN_EMPTY_BODY = YES;
				CLANG_WARN_ENUM_CONVERSION = YES;
				CLANG_WARN_INFINITE_RECURSION = YES;
				CLANG_WARN_INT_CONVERSION = YES;
				CLANG_WARN_NON_LITERAL_NULL_CONVERSION = YES;
				CLANG_WARN_OBJC_IMPLICIT_RETAIN_SELF = YES;
				CLANG_WARN_OBJC_LITERAL_CONVERSION = YES;
				CLANG_WARN_OBJC_ROOT_CLASS = YES_ERROR;
				CLANG_WARN_RANGE_LOOP_ANALYSIS = YES;
				CLANG_WARN_STRICT_PROTOTYPES = YES;
				CLANG_WARN_SUSPICIOUS_MOVE = YES;
				CLANG_WARN_UNGUARDED_AVAILABILITY = YES_AGGRESSIVE;
				CLANG_WARN_UNREACHABLE_CODE = YES;
				CLANG_WARN__DUPLICATE_METHOD_MATCH = YES;
				COPY_PHASE_STRIP = NO;
				DEBUG_INFORMATION_FORMAT = dwarf;
				ENABLE_STRICT_OBJC_MSGSEND = YES;
				ENABLE_TESTABILITY = YES;
				GCC_C_LANGUAGE_STANDARD = gnu11;
				GCC_DYNAMIC_NO_PIC = NO;
				GCC_NO_COMMON_BLOCKS = YES;
				GCC_OPTIMIZATION_LEVEL = 0;
				GCC_PREPROCESSOR_DEFINITIONS = (
					"DEBUG=1",
					"$(inherited)",
				);
				GCC_WARN_64_TO_32_BIT_CONVERSION = YES;
				GCC_WARN_ABOUT_RETURN_TYPE = YES_ERROR;
				GCC_WARN_UNDECLARED_SELECTOR = YES;
				GCC_WARN_UNINITIALIZED_AUTOS = YES_AGGRESSIVE;
				GCC_WARN_UNUSED_FUNCTION = YES;
				GCC_WARN_UNUSED_VARIABLE = YES;
				IPHONEOS_DEPLOYMENT_TARGET = 12.0;
				MTL_ENABLE_DEBUG_INFO = INCLUDE_SOURCE;
				MTL_FAST_MATH = YES;
				ONLY_ACTIVE_ARCH = YES;
				SDKROOT = iphoneos;
				SWIFT_ACTIVE_COMPILATION_CONDITIONS = DEBUG;
				SWIFT_OPTIMIZATION_LEVEL = "-Onone";
			};
			name = Debug;
		};
		0BE78F782448B65000478E28 /* Release */ = {
			isa = XCBuildConfiguration;
			buildSettings = {
				ALWAYS_SEARCH_USER_PATHS = NO;
				CLANG_ANALYZER_NONNULL = YES;
				CLANG_ANALYZER_NUMBER_OBJECT_CONVERSION = YES_AGGRESSIVE;
				CLANG_CXX_LANGUAGE_STANDARD = "gnu++14";
				CLANG_CXX_LIBRARY = "libc++";
				CLANG_ENABLE_MODULES = YES;
				CLANG_ENABLE_OBJC_ARC = YES;
				CLANG_ENABLE_OBJC_WEAK = YES;
				CLANG_WARN_BLOCK_CAPTURE_AUTORELEASING = YES;
				CLANG_WARN_BOOL_CONVERSION = YES;
				CLANG_WARN_COMMA = YES;
				CLANG_WARN_CONSTANT_CONVERSION = YES;
				CLANG_WARN_DEPRECATED_OBJC_IMPLEMENTATIONS = YES;
				CLANG_WARN_DIRECT_OBJC_ISA_USAGE = YES_ERROR;
				CLANG_WARN_DOCUMENTATION_COMMENTS = YES;
				CLANG_WARN_EMPTY_BODY = YES;
				CLANG_WARN_ENUM_CONVERSION = YES;
				CLANG_WARN_INFINITE_RECURSION = YES;
				CLANG_WARN_INT_CONVERSION = YES;
				CLANG_WARN_NON_LITERAL_NULL_CONVERSION = YES;
				CLANG_WARN_OBJC_IMPLICIT_RETAIN_SELF = YES;
				CLANG_WARN_OBJC_LITERAL_CONVERSION = YES;
				CLANG_WARN_OBJC_ROOT_CLASS = YES_ERROR;
				CLANG_WARN_RANGE_LOOP_ANALYSIS = YES;
				CLANG_WARN_STRICT_PROTOTYPES = YES;
				CLANG_WARN_SUSPICIOUS_MOVE = YES;
				CLANG_WARN_UNGUARDED_AVAILABILITY = YES_AGGRESSIVE;
				CLANG_WARN_UNREACHABLE_CODE = YES;
				CLANG_WARN__DUPLICATE_METHOD_MATCH = YES;
				COPY_PHASE_STRIP = NO;
				DEBUG_INFORMATION_FORMAT = "dwarf-with-dsym";
				ENABLE_NS_ASSERTIONS = NO;
				ENABLE_STRICT_OBJC_MSGSEND = YES;
				GCC_C_LANGUAGE_STANDARD = gnu11;
				GCC_NO_COMMON_BLOCKS = YES;
				GCC_WARN_64_TO_32_BIT_CONVERSION = YES;
				GCC_WARN_ABOUT_RETURN_TYPE = YES_ERROR;
				GCC_WARN_UNDECLARED_SELECTOR = YES;
				GCC_WARN_UNINITIALIZED_AUTOS = YES_AGGRESSIVE;
				GCC_WARN_UNUSED_FUNCTION = YES;
				GCC_WARN_UNUSED_VARIABLE = YES;
				IPHONEOS_DEPLOYMENT_TARGET = 12.0;
				MTL_ENABLE_DEBUG_INFO = NO;
				MTL_FAST_MATH = YES;
				SDKROOT = iphoneos;
				SWIFT_COMPILATION_MODE = wholemodule;
				SWIFT_OPTIMIZATION_LEVEL = "-O";
				VALIDATE_PRODUCT = YES;
			};
			name = Release;
		};
		0BE78F7A2448B65000478E28 /* Debug */ = {
			isa = XCBuildConfiguration;
			baseConfigurationReference = 108CCBBFF8F83B9D18C43745 /* Pods-Breweries list.debug.xcconfig */;
			buildSettings = {
				ASSETCATALOG_COMPILER_APPICON_NAME = AppIcon;
				CODE_SIGN_STYLE = Automatic;
				DEVELOPMENT_TEAM = 9B6M85MQ7J;
				INFOPLIST_FILE = "Breweries list/Sources/PLists/Info.plist";
				IPHONEOS_DEPLOYMENT_TARGET = 12.0;
				LD_RUNPATH_SEARCH_PATHS = (
					"$(inherited)",
					"@executable_path/Frameworks",
				);
				PRODUCT_BUNDLE_IDENTIFIER = "com.SergP.Breweries-list";
				PRODUCT_NAME = "$(TARGET_NAME)";
				SWIFT_VERSION = 5.0;
				TARGETED_DEVICE_FAMILY = 1;
			};
			name = Debug;
		};
		0BE78F7B2448B65000478E28 /* Release */ = {
			isa = XCBuildConfiguration;
			baseConfigurationReference = 5B7D3BA01695B971338910B6 /* Pods-Breweries list.release.xcconfig */;
			buildSettings = {
				ASSETCATALOG_COMPILER_APPICON_NAME = AppIcon;
				CODE_SIGN_STYLE = Automatic;
				DEVELOPMENT_TEAM = 9B6M85MQ7J;
				INFOPLIST_FILE = "Breweries list/Sources/PLists/Info.plist";
				IPHONEOS_DEPLOYMENT_TARGET = 12.0;
				LD_RUNPATH_SEARCH_PATHS = (
					"$(inherited)",
					"@executable_path/Frameworks",
				);
				PRODUCT_BUNDLE_IDENTIFIER = "com.SergP.Breweries-list";
				PRODUCT_NAME = "$(TARGET_NAME)";
				SWIFT_VERSION = 5.0;
				TARGETED_DEVICE_FAMILY = 1;
			};
			name = Release;
		};
/* End XCBuildConfiguration section */

/* Begin XCConfigurationList section */
		0BE78F602448B64D00478E28 /* Build configuration list for PBXProject "Breweries list" */ = {
			isa = XCConfigurationList;
			buildConfigurations = (
				0BE78F772448B65000478E28 /* Debug */,
				0BE78F782448B65000478E28 /* Release */,
			);
			defaultConfigurationIsVisible = 0;
			defaultConfigurationName = Release;
		};
		0BE78F792448B65000478E28 /* Build configuration list for PBXNativeTarget "Breweries list" */ = {
			isa = XCConfigurationList;
			buildConfigurations = (
				0BE78F7A2448B65000478E28 /* Debug */,
				0BE78F7B2448B65000478E28 /* Release */,
			);
			defaultConfigurationIsVisible = 0;
			defaultConfigurationName = Release;
		};
/* End XCConfigurationList section */

/* Begin XCVersionGroup section */
		0BE2E5D5244E02F700A8CD32 /* CoreDataModel.xcdatamodeld */ = {
			isa = XCVersionGroup;
			children = (
				0BE2E5D6244E02F700A8CD32 /* Brewery.xcdatamodel */,
			);
			currentVersion = 0BE2E5D6244E02F700A8CD32 /* Brewery.xcdatamodel */;
			path = CoreDataModel.xcdatamodeld;
			sourceTree = "<group>";
			versionGroupType = wrapper.xcdatamodel;
		};
/* End XCVersionGroup section */
	};
	rootObject = 0BE78F5D2448B64D00478E28 /* Project object */;
}
